// !$*UTF8*$!
{
	archiveVersion = 1;
	classes = {
	};
	objectVersion = 46;
	objects = {

/* Begin PBXBuildFile section */
		94EEC8F616FAEC0F008D0E14 /* Cocoa.framework in Frameworks */ = {isa = PBXBuildFile; fileRef = 94EEC8F516FAEC0F008D0E14 /* Cocoa.framework */; };
		94EEC8F816FAEC0F008D0E14 /* PreferencePanes.framework in Frameworks */ = {isa = PBXBuildFile; fileRef = 94EEC8F716FAEC0F008D0E14 /* PreferencePanes.framework */; };
		94EEC90216FAEC0F008D0E14 /* InfoPlist.strings in Resources */ = {isa = PBXBuildFile; fileRef = 94EEC90016FAEC0F008D0E14 /* InfoPlist.strings */; };
		94EEC90616FAEC0F008D0E14 /* PBX_Forwarder.m in Sources */ = {isa = PBXBuildFile; fileRef = 94EEC90516FAEC0F008D0E14 /* PBX_Forwarder.m */; };
		94EEC90B16FAEC0F008D0E14 /* PBX_Forwarder.xib in Resources */ = {isa = PBXBuildFile; fileRef = 94EEC90916FAEC0F008D0E14 /* PBX_Forwarder.xib */; };
/* End PBXBuildFile section */

/* Begin PBXFileReference section */
		94EEC8F216FAEC0F008D0E14 /* PBX Forwarder.prefPane */ = {isa = PBXFileReference; explicitFileType = wrapper.cfbundle; includeInIndex = 0; path = "PBX Forwarder.prefPane"; sourceTree = BUILT_PRODUCTS_DIR; };
		94EEC8F516FAEC0F008D0E14 /* Cocoa.framework */ = {isa = PBXFileReference; lastKnownFileType = wrapper.framework; name = Cocoa.framework; path = System/Library/Frameworks/Cocoa.framework; sourceTree = SDKROOT; };
		94EEC8F716FAEC0F008D0E14 /* PreferencePanes.framework */ = {isa = PBXFileReference; lastKnownFileType = wrapper.framework; name = PreferencePanes.framework; path = System/Library/Frameworks/PreferencePanes.framework; sourceTree = SDKROOT; };
		94EEC8FA16FAEC0F008D0E14 /* AppKit.framework */ = {isa = PBXFileReference; lastKnownFileType = wrapper.framework; name = AppKit.framework; path = System/Library/Frameworks/AppKit.framework; sourceTree = SDKROOT; };
		94EEC8FB16FAEC0F008D0E14 /* CoreData.framework */ = {isa = PBXFileReference; lastKnownFileType = wrapper.framework; name = CoreData.framework; path = System/Library/Frameworks/CoreData.framework; sourceTree = SDKROOT; };
		94EEC8FC16FAEC0F008D0E14 /* Foundation.framework */ = {isa = PBXFileReference; lastKnownFileType = wrapper.framework; name = Foundation.framework; path = System/Library/Frameworks/Foundation.framework; sourceTree = SDKROOT; };
		94EEC8FF16FAEC0F008D0E14 /* PBX Forwarder-Info.plist */ = {isa = PBXFileReference; lastKnownFileType = text.plist.xml; path = "PBX Forwarder-Info.plist"; sourceTree = "<group>"; };
		94EEC90116FAEC0F008D0E14 /* en */ = {isa = PBXFileReference; lastKnownFileType = text.plist.strings; name = en; path = en.lproj/InfoPlist.strings; sourceTree = "<group>"; };
		94EEC90316FAEC0F008D0E14 /* PBX Forwarder-Prefix.pch */ = {isa = PBXFileReference; lastKnownFileType = sourcecode.c.h; path = "PBX Forwarder-Prefix.pch"; sourceTree = "<group>"; };
		94EEC90416FAEC0F008D0E14 /* PBX_Forwarder.h */ = {isa = PBXFileReference; lastKnownFileType = sourcecode.c.h; path = PBX_Forwarder.h; sourceTree = "<group>"; };
		94EEC90516FAEC0F008D0E14 /* PBX_Forwarder.m */ = {isa = PBXFileReference; lastKnownFileType = sourcecode.c.objc; path = PBX_Forwarder.m; sourceTree = "<group>"; };
		94EEC90A16FAEC0F008D0E14 /* en */ = {isa = PBXFileReference; lastKnownFileType = file.xib; name = en; path = en.lproj/PBX_Forwarder.xib; sourceTree = "<group>"; };
/* End PBXFileReference section */

/* Begin PBXFrameworksBuildPhase section */
		94EEC8ED16FAEC0F008D0E14 /* Frameworks */ = {
			isa = PBXFrameworksBuildPhase;
			buildActionMask = 2147483647;
			files = (
				94EEC8F616FAEC0F008D0E14 /* Cocoa.framework in Frameworks */,
				94EEC8F816FAEC0F008D0E14 /* PreferencePanes.framework in Frameworks */,
			);
			runOnlyForDeploymentPostprocessing = 0;
		};
/* End PBXFrameworksBuildPhase section */

/* Begin PBXGroup section */
		94EEC8E716FAEC0F008D0E14 = {
			isa = PBXGroup;
			children = (
				94EEC8FD16FAEC0F008D0E14 /* PBX Forwarder */,
				94EEC8F416FAEC0F008D0E14 /* Frameworks */,
				94EEC8F316FAEC0F008D0E14 /* Products */,
			);
			sourceTree = "<group>";
		};
		94EEC8F316FAEC0F008D0E14 /* Products */ = {
			isa = PBXGroup;
			children = (
				94EEC8F216FAEC0F008D0E14 /* PBX Forwarder.prefPane */,
			);
			name = Products;
			sourceTree = "<group>";
		};
		94EEC8F416FAEC0F008D0E14 /* Frameworks */ = {
			isa = PBXGroup;
			children = (
				94EEC8F516FAEC0F008D0E14 /* Cocoa.framework */,
				94EEC8F716FAEC0F008D0E14 /* PreferencePanes.framework */,
				94EEC8F916FAEC0F008D0E14 /* Other Frameworks */,
			);
			name = Frameworks;
			sourceTree = "<group>";
		};
		94EEC8F916FAEC0F008D0E14 /* Other Frameworks */ = {
			isa = PBXGroup;
			children = (
				94EEC8FA16FAEC0F008D0E14 /* AppKit.framework */,
				94EEC8FB16FAEC0F008D0E14 /* CoreData.framework */,
				94EEC8FC16FAEC0F008D0E14 /* Foundation.framework */,
			);
			name = "Other Frameworks";
			sourceTree = "<group>";
		};
		94EEC8FD16FAEC0F008D0E14 /* PBX Forwarder */ = {
			isa = PBXGroup;
			children = (
				94EEC90416FAEC0F008D0E14 /* PBX_Forwarder.h */,
				94EEC90516FAEC0F008D0E14 /* PBX_Forwarder.m */,
				94EEC90916FAEC0F008D0E14 /* PBX_Forwarder.xib */,
				94EEC8FE16FAEC0F008D0E14 /* Supporting Files */,
			);
			path = "PBX Forwarder";
			sourceTree = "<group>";
		};
		94EEC8FE16FAEC0F008D0E14 /* Supporting Files */ = {
			isa = PBXGroup;
			children = (
				94EEC8FF16FAEC0F008D0E14 /* PBX Forwarder-Info.plist */,
				94EEC90016FAEC0F008D0E14 /* InfoPlist.strings */,
				94EEC90316FAEC0F008D0E14 /* PBX Forwarder-Prefix.pch */,
			);
			name = "Supporting Files";
			sourceTree = "<group>";
		};
/* End PBXGroup section */

/* Begin PBXHeadersBuildPhase section */
		94EEC8EE16FAEC0F008D0E14 /* Headers */ = {
			isa = PBXHeadersBuildPhase;
			buildActionMask = 2147483647;
			files = (
			);
			runOnlyForDeploymentPostprocessing = 0;
		};
/* End PBXHeadersBuildPhase section */

/* Begin PBXNativeTarget section */
		94EEC8F116FAEC0F008D0E14 /* PBX Forwarder */ = {
			isa = PBXNativeTarget;
			buildConfigurationList = 94EEC90E16FAEC0F008D0E14 /* Build configuration list for PBXNativeTarget "PBX Forwarder" */;
			buildPhases = (
				94EEC8EC16FAEC0F008D0E14 /* Sources */,
				94EEC8ED16FAEC0F008D0E14 /* Frameworks */,
				94EEC8EE16FAEC0F008D0E14 /* Headers */,
				94EEC8EF16FAEC0F008D0E14 /* Resources */,
				94EEC8F016FAEC0F008D0E14 /* Rez */,
			);
			buildRules = (
			);
			dependencies = (
			);
			name = "PBX Forwarder";
			productName = "PBX Forwarder";
			productReference = 94EEC8F216FAEC0F008D0E14 /* PBX Forwarder.prefPane */;
			productType = "com.apple.product-type.bundle";
		};
/* End PBXNativeTarget section */

/* Begin PBXProject section */
		94EEC8E816FAEC0F008D0E14 /* Project object */ = {
			isa = PBXProject;
			attributes = {
				LastUpgradeCheck = 0460;
				ORGANIZATIONNAME = "Ernesto MB";
			};
			buildConfigurationList = 94EEC8EB16FAEC0F008D0E14 /* Build configuration list for PBXProject "PBX Forwarder" */;
			compatibilityVersion = "Xcode 3.2";
			developmentRegion = English;
			hasScannedForEncodings = 0;
			knownRegions = (
				en,
			);
			mainGroup = 94EEC8E716FAEC0F008D0E14;
			productRefGroup = 94EEC8F316FAEC0F008D0E14 /* Products */;
			projectDirPath = "";
			projectRoot = "";
			targets = (
				94EEC8F116FAEC0F008D0E14 /* PBX Forwarder */,
			);
		};
/* End PBXProject section */

/* Begin PBXResourcesBuildPhase section */
		94EEC8EF16FAEC0F008D0E14 /* Resources */ = {
			isa = PBXResourcesBuildPhase;
			buildActionMask = 2147483647;
			files = (
				94EEC90216FAEC0F008D0E14 /* InfoPlist.strings in Resources */,
				94EEC90B16FAEC0F008D0E14 /* PBX_Forwarder.xib in Resources */,
			);
			runOnlyForDeploymentPostprocessing = 0;
		};
/* End PBXResourcesBuildPhase section */

/* Begin PBXRezBuildPhase section */
		94EEC8F016FAEC0F008D0E14 /* Rez */ = {
			isa = PBXRezBuildPhase;
			buildActionMask = 2147483647;
			files = (
			);
			runOnlyForDeploymentPostprocessing = 0;
		};
/* End PBXRezBuildPhase section */

/* Begin PBXSourcesBuildPhase section */
		94EEC8EC16FAEC0F008D0E14 /* Sources */ = {
			isa = PBXSourcesBuildPhase;
			buildActionMask = 2147483647;
			files = (
				94EEC90616FAEC0F008D0E14 /* PBX_Forwarder.m in Sources */,
			);
			runOnlyForDeploymentPostprocessing = 0;
		};
/* End PBXSourcesBuildPhase section */

/* Begin PBXVariantGroup section */
		94EEC90016FAEC0F008D0E14 /* InfoPlist.strings */ = {
			isa = PBXVariantGroup;
			children = (
				94EEC90116FAEC0F008D0E14 /* en */,
			);
			name = InfoPlist.strings;
			sourceTree = "<group>";
		};
		94EEC90916FAEC0F008D0E14 /* PBX_Forwarder.xib */ = {
			isa = PBXVariantGroup;
			children = (
				94EEC90A16FAEC0F008D0E14 /* en */,
			);
			name = PBX_Forwarder.xib;
			sourceTree = "<group>";
		};
/* End PBXVariantGroup section */

/* Begin XCBuildConfiguration section */
		94EEC90C16FAEC0F008D0E14 /* Debug */ = {
			isa = XCBuildConfiguration;
			buildSettings = {
				ALWAYS_SEARCH_USER_PATHS = NO;
				ARCHS = "$(ARCHS_STANDARD_64_BIT)";
				CLANG_CXX_LANGUAGE_STANDARD = "gnu++0x";
				CLANG_CXX_LIBRARY = "libc++";
				CLANG_WARN_CONSTANT_CONVERSION = YES;
				CLANG_WARN_EMPTY_BODY = YES;
				CLANG_WARN_ENUM_CONVERSION = YES;
				CLANG_WARN_INT_CONVERSION = YES;
				CLANG_WARN__DUPLICATE_METHOD_MATCH = YES;
				COPY_PHASE_STRIP = NO;
				GCC_C_LANGUAGE_STANDARD = gnu99;
				GCC_DYNAMIC_NO_PIC = NO;
				GCC_ENABLE_OBJC_EXCEPTIONS = YES;
				GCC_ENABLE_OBJC_GC = supported;
				GCC_OPTIMIZATION_LEVEL = 0;
				GCC_PREPROCESSOR_DEFINITIONS = (
					"DEBUG=1",
					"$(inherited)",
				);
				GCC_SYMBOLS_PRIVATE_EXTERN = NO;
				GCC_WARN_64_TO_32_BIT_CONVERSION = YES;
				GCC_WARN_ABOUT_RETURN_TYPE = YES;
				GCC_WARN_UNINITIALIZED_AUTOS = YES;
				GCC_WARN_UNUSED_VARIABLE = YES;
				MACOSX_DEPLOYMENT_TARGET = 10.8;
				ONLY_ACTIVE_ARCH = YES;
				SDKROOT = macosx;
			};
			name = Debug;
		};
		94EEC90D16FAEC0F008D0E14 /* Release */ = {
			isa = XCBuildConfiguration;
			buildSettings = {
				ALWAYS_SEARCH_USER_PATHS = NO;
				ARCHS = "$(ARCHS_STANDARD_64_BIT)";
				CLANG_CXX_LANGUAGE_STANDARD = "gnu++0x";
				CLANG_CXX_LIBRARY = "libc++";
				CLANG_WARN_CONSTANT_CONVERSION = YES;
				CLANG_WARN_EMPTY_BODY = YES;
				CLANG_WARN_ENUM_CONVERSION = YES;
				CLANG_WARN_INT_CONVERSION = YES;
				CLANG_WARN__DUPLICATE_METHOD_MATCH = YES;
				COPY_PHASE_STRIP = YES;
				DEBUG_INFORMATION_FORMAT = "dwarf-with-dsym";
				GCC_C_LANGUAGE_STANDARD = gnu99;
				GCC_ENABLE_OBJC_EXCEPTIONS = YES;
				GCC_ENABLE_OBJC_GC = supported;
				GCC_WARN_64_TO_32_BIT_CONVERSION = YES;
				GCC_WARN_ABOUT_RETURN_TYPE = YES;
				GCC_WARN_UNINITIALIZED_AUTOS = YES;
				GCC_WARN_UNUSED_VARIABLE = YES;
				MACOSX_DEPLOYMENT_TARGET = 10.8;
				SDKROOT = macosx;
			};
			name = Release;
		};
		94EEC90F16FAEC0F008D0E14 /* Debug */ = {
			isa = XCBuildConfiguration;
			buildSettings = {
				COMBINE_HIDPI_IMAGES = YES;
				GCC_PRECOMPILE_PREFIX_HEADER = YES;
				GCC_PREFIX_HEADER = "PBX Forwarder/PBX Forwarder-Prefix.pch";
				INFOPLIST_FILE = "PBX Forwarder/PBX Forwarder-Info.plist";
				INSTALL_PATH = "$(HOME)/Library/PreferencePanes";
				PRODUCT_NAME = "$(TARGET_NAME)";
				WRAPPER_EXTENSION = prefPane;
			};
			name = Debug;
		};
		94EEC91016FAEC0F008D0E14 /* Release */ = {
			isa = XCBuildConfiguration;
			buildSettings = {
				COMBINE_HIDPI_IMAGES = YES;
				GCC_PRECOMPILE_PREFIX_HEADER = YES;
				GCC_PREFIX_HEADER = "PBX Forwarder/PBX Forwarder-Prefix.pch";
				INFOPLIST_FILE = "PBX Forwarder/PBX Forwarder-Info.plist";
				INSTALL_PATH = "$(HOME)/Library/PreferencePanes";
				PRODUCT_NAME = "$(TARGET_NAME)";
				WRAPPER_EXTENSION = prefPane;
			};
			name = Release;
		};
/* End XCBuildConfiguration section */

/* Begin XCConfigurationList section */
		94EEC8EB16FAEC0F008D0E14 /* Build configuration list for PBXProject "PBX Forwarder" */ = {
			isa = XCConfigurationList;
			buildConfigurations = (
				94EEC90C16FAEC0F008D0E14 /* Debug */,
				94EEC90D16FAEC0F008D0E14 /* Release */,
			);
			defaultConfigurationIsVisible = 0;
			defaultConfigurationName = Release;
		};
		94EEC90E16FAEC0F008D0E14 /* Build configuration list for PBXNativeTarget "PBX Forwarder" */ = {
			isa = XCConfigurationList;
			buildConfigurations = (
				94EEC90F16FAEC0F008D0E14 /* Debug */,
				94EEC91016FAEC0F008D0E14 /* Release */,
			);
			defaultConfigurationIsVisible = 0;
		};
/* End XCConfigurationList section */
	};
	rootObject = 94EEC8E816FAEC0F008D0E14 /* Project object */;
}
